
Microsoft Visual Studio Solution File, Format Version 12.00
# Visual Studio Version 16
VisualStudioVersion = 16.0.29728.190
MinimumVisualStudioVersion = 10.0.40219.1
Project("{9A19103F-16F7-4668-BE54-9A1E7A4F7556}") = "Csm.Web", "Csm.Web\Csm.Web.csproj", "{1039A43A-00E7-4393-B5E5-30FE48FD2C73}"
EndProject
Project("{9A19103F-16F7-4668-BE54-9A1E7A4F7556}") = "DataAccessLibrary", "DataAccessLibrary\DataAccessLibrary.csproj", "{F3AE1F0D-EA31-475F-97FB-92A3A41B868D}"
EndProject
Project("{FAE04EC0-301F-11D3-BF4B-00C04F79EFBC}") = "Csm.Services", "Csm.Services\Csm.Services.csproj", "{2C1EEA76-678B-4610-971A-DB4D57518032}"
EndProject
Global
	GlobalSection(SolutionConfigurationPlatforms) = preSolution
		Debug|Any CPU = Debug|Any CPU
		Release|Any CPU = Release|Any CPU
	EndGlobalSection
	GlobalSection(ProjectConfigurationPlatforms) = postSolution
		{1039A43A-00E7-4393-B5E5-30FE48FD2C73}.Debug|Any CPU.ActiveCfg = Debug|Any CPU
		{1039A43A-00E7-4393-B5E5-30FE48FD2C73}.Debug|Any CPU.Build.0 = Debug|Any CPU
		{1039A43A-00E7-4393-B5E5-30FE48FD2C73}.Release|Any CPU.ActiveCfg = Release|Any CPU
		{1039A43A-00E7-4393-B5E5-30FE48FD2C73}.Release|Any CPU.Build.0 = Release|Any CPU
		{F3AE1F0D-EA31-475F-97FB-92A3A41B868D}.Debug|Any CPU.ActiveCfg = Debug|Any CPU
		{F3AE1F0D-EA31-475F-97FB-92A3A41B868D}.Debug|Any CPU.Build.0 = Debug|Any CPU
		{F3AE1F0D-EA31-475F-97FB-92A3A41B868D}.Release|Any CPU.ActiveCfg = Release|Any CPU
		{F3AE1F0D-EA31-475F-97FB-92A3A41B868D}.Release|Any CPU.Build.0 = Release|Any CPU
		{2C1EEA76-678B-4610-971A-DB4D57518032}.Debug|Any CPU.ActiveCfg = Debug|Any CPU
		{2C1EEA76-678B-4610-971A-DB4D57518032}.Debug|Any CPU.Build.0 = Debug|Any CPU
		{2C1EEA76-678B-4610-971A-DB4D57518032}.Release|Any CPU.ActiveCfg = Release|Any CPU
		{2C1EEA76-678B-4610-971A-DB4D57518032}.Release|Any CPU.Build.0 = Release|Any CPU
	EndGlobalSection
	GlobalSection(SolutionProperties) = preSolution
		HideSolutionNode = FALSE
	EndGlobalSection
	GlobalSection(ExtensibilityGlobals) = postSolution
		SolutionGuid = {CC7F13E9-216B-47D4-8CB6-C92D2A4D734B}
	EndGlobalSection
EndGlobal
