
Microsoft Visual Studio Solution File, Format Version 12.00
# Visual Studio Version 16
VisualStudioVersion = 16.0.29728.190
MinimumVisualStudioVersion = 10.0.40219.1
Project("{9A19103F-16F7-4668-BE54-9A1E7A4F7556}") = "CSMApp", "CSMApp\CSMApp.csproj", "{8339D771-441B-4EED-A41A-4D7C86C61CA6}"
EndProject
Project("{9A19103F-16F7-4668-BE54-9A1E7A4F7556}") = "DataAccessLibrary", "DataAccessLibrary\DataAccessLibrary.csproj", "{D02C10D1-2222-4981-9F25-9C0E8FD367E0}"
EndProject
Global
	GlobalSection(SolutionConfigurationPlatforms) = preSolution
		Debug|Any CPU = Debug|Any CPU
		Release|Any CPU = Release|Any CPU
	EndGlobalSection
	GlobalSection(ProjectConfigurationPlatforms) = postSolution
		{8339D771-441B-4EED-A41A-4D7C86C61CA6}.Debug|Any CPU.ActiveCfg = Debug|Any CPU
		{8339D771-441B-4EED-A41A-4D7C86C61CA6}.Debug|Any CPU.Build.0 = Debug|Any CPU
		{8339D771-441B-4EED-A41A-4D7C86C61CA6}.Release|Any CPU.ActiveCfg = Release|Any CPU
		{8339D771-441B-4EED-A41A-4D7C86C61CA6}.Release|Any CPU.Build.0 = Release|Any CPU
		{D02C10D1-2222-4981-9F25-9C0E8FD367E0}.Debug|Any CPU.ActiveCfg = Debug|Any CPU
		{D02C10D1-2222-4981-9F25-9C0E8FD367E0}.Debug|Any CPU.Build.0 = Debug|Any CPU
		{D02C10D1-2222-4981-9F25-9C0E8FD367E0}.Release|Any CPU.ActiveCfg = Release|Any CPU
		{D02C10D1-2222-4981-9F25-9C0E8FD367E0}.Release|Any CPU.Build.0 = Release|Any CPU
	EndGlobalSection
	GlobalSection(SolutionProperties) = preSolution
		HideSolutionNode = FALSE
	EndGlobalSection
	GlobalSection(ExtensibilityGlobals) = postSolution
		SolutionGuid = {CC7F13E9-216B-47D4-8CB6-C92D2A4D734B}
	EndGlobalSection
EndGlobal
